// !$*UTF8*$!
{
	archiveVersion = 1;
	classes = {
	};
	objectVersion = 48;
	objects = {

/* Begin PBXBuildFile section */
		51D4FB4A1FB8FDF70098F8B6 /* AppDelegate.swift in Sources */ = {isa = PBXBuildFile; fileRef = 51D4FB491FB8FDF70098F8B6 /* AppDelegate.swift */; };
		51D4FB4C1FB8FDF70098F8B6 /* HomeVC.swift in Sources */ = {isa = PBXBuildFile; fileRef = 51D4FB4B1FB8FDF70098F8B6 /* HomeVC.swift */; };
		51D4FB4E1FB8FDF70098F8B6 /* PostVC.swift in Sources */ = {isa = PBXBuildFile; fileRef = 51D4FB4D1FB8FDF70098F8B6 /* PostVC.swift */; };
		51D4FB511FB8FDF70098F8B6 /* Main.storyboard in Resources */ = {isa = PBXBuildFile; fileRef = 51D4FB4F1FB8FDF70098F8B6 /* Main.storyboard */; };
		51D4FB531FB8FDF70098F8B6 /* Assets.xcassets in Resources */ = {isa = PBXBuildFile; fileRef = 51D4FB521FB8FDF70098F8B6 /* Assets.xcassets */; };
		51D4FB561FB8FDF70098F8B6 /* LaunchScreen.storyboard in Resources */ = {isa = PBXBuildFile; fileRef = 51D4FB541FB8FDF70098F8B6 /* LaunchScreen.storyboard */; };
		51D4FB5E1FB8FE450098F8B6 /* GoogleService-Info.plist in Resources */ = {isa = PBXBuildFile; fileRef = 51D4FB5D1FB8FE450098F8B6 /* GoogleService-Info.plist */; };
		51D4FB601FB903C00098F8B6 /* ChatVC.swift in Sources */ = {isa = PBXBuildFile; fileRef = 51D4FB5F1FB903C00098F8B6 /* ChatVC.swift */; };
		51D4FB621FB903CE0098F8B6 /* ProfileVC.swift in Sources */ = {isa = PBXBuildFile; fileRef = 51D4FB611FB903CE0098F8B6 /* ProfileVC.swift */; };
		51D4FB641FB904020098F8B6 /* WelcomeVC.swift in Sources */ = {isa = PBXBuildFile; fileRef = 51D4FB631FB904020098F8B6 /* WelcomeVC.swift */; };
		51D4FB671FB915440098F8B6 /* LoopingVideoView.swift in Sources */ = {isa = PBXBuildFile; fileRef = 51D4FB661FB915440098F8B6 /* LoopingVideoView.swift */; };
		51D4FB6B1FB9222D0098F8B6 /* OnboardingCell.swift in Sources */ = {isa = PBXBuildFile; fileRef = 51D4FB6A1FB9222D0098F8B6 /* OnboardingCell.swift */; };
		51D4FB6D1FB92C940098F8B6 /* rainbow.mp4 in Resources */ = {isa = PBXBuildFile; fileRef = 51D4FB6C1FB92C010098F8B6 /* rainbow.mp4 */; };
		51D4FB701FB95C960098F8B6 /* User.swift in Sources */ = {isa = PBXBuildFile; fileRef = 51D4FB6F1FB95C960098F8B6 /* User.swift */; };
		51D4FB751FB95CF90098F8B6 /* Message.swift in Sources */ = {isa = PBXBuildFile; fileRef = 51D4FB741FB95CF90098F8B6 /* Message.swift */; };
		51D4FB771FB95D040098F8B6 /* Conversation.swift in Sources */ = {isa = PBXBuildFile; fileRef = 51D4FB761FB95D040098F8B6 /* Conversation.swift */; };
		51D4FB791FB95DAE0098F8B6 /* ChatListVC.swift in Sources */ = {isa = PBXBuildFile; fileRef = 51D4FB781FB95DAE0098F8B6 /* ChatListVC.swift */; };
		51D4FB821FB964300098F8B6 /* Helper Files.swift in Sources */ = {isa = PBXBuildFile; fileRef = 51D4FB7F1FB964300098F8B6 /* Helper Files.swift */; };
		51D4FB831FB964300098F8B6 /* BadgeSwift.swift in Sources */ = {isa = PBXBuildFile; fileRef = 51D4FB801FB964300098F8B6 /* BadgeSwift.swift */; };
		51D4FB841FB964300098F8B6 /* ContactsManager.swift in Sources */ = {isa = PBXBuildFile; fileRef = 51D4FB811FB964300098F8B6 /* ContactsManager.swift */; };
		51D4FB861FB964AA0098F8B6 /* newMessage.wav in Resources */ = {isa = PBXBuildFile; fileRef = 51D4FB851FB964AA0098F8B6 /* newMessage.wav */; };
		51D4FB881FB9658C0098F8B6 /* VCCells.swift in Sources */ = {isa = PBXBuildFile; fileRef = 51D4FB871FB9658C0098F8B6 /* VCCells.swift */; };
		51D4FB8B1FB967AB0098F8B6 /* FBSDKCoreKit.framework in Frameworks */ = {isa = PBXBuildFile; fileRef = 51D4FB891FB967AB0098F8B6 /* FBSDKCoreKit.framework */; };
		51D4FB8C1FB967AB0098F8B6 /* FBSDKLoginKit.framework in Frameworks */ = {isa = PBXBuildFile; fileRef = 51D4FB8A1FB967AB0098F8B6 /* FBSDKLoginKit.framework */; };
		51D4FB8E1FB97FB90098F8B6 /* Post.swift in Sources */ = {isa = PBXBuildFile; fileRef = 51D4FB8D1FB97FB90098F8B6 /* Post.swift */; };
		51D4FB911FB980EF0098F8B6 /* DataService.swift in Sources */ = {isa = PBXBuildFile; fileRef = 51D4FB901FB980EF0098F8B6 /* DataService.swift */; };
		51D4FB931FB981790098F8B6 /* Constants.swift in Sources */ = {isa = PBXBuildFile; fileRef = 51D4FB921FB981790098F8B6 /* Constants.swift */; };
		8913DC8BBDF202E9B92B6A7A /* Pods_Metis.framework in Frameworks */ = {isa = PBXBuildFile; fileRef = A5BBEE16959411485EB4EE66 /* Pods_Metis.framework */; };
/* End PBXBuildFile section */

/* Begin PBXFileReference section */
		1B0B665204CAE7D7F1A70FC1 /* Pods-Metis.debug.xcconfig */ = {isa = PBXFileReference; includeInIndex = 1; lastKnownFileType = text.xcconfig; name = "Pods-Metis.debug.xcconfig"; path = "Pods/Target Support Files/Pods-Metis/Pods-Metis.debug.xcconfig"; sourceTree = "<group>"; };
		44D8126C178911AAAFAE2E33 /* Pods-Metis.release.xcconfig */ = {isa = PBXFileReference; includeInIndex = 1; lastKnownFileType = text.xcconfig; name = "Pods-Metis.release.xcconfig"; path = "Pods/Target Support Files/Pods-Metis/Pods-Metis.release.xcconfig"; sourceTree = "<group>"; };
		51D4FB461FB8FDF70098F8B6 /* Metis.app */ = {isa = PBXFileReference; explicitFileType = wrapper.application; includeInIndex = 0; path = Metis.app; sourceTree = BUILT_PRODUCTS_DIR; };
		51D4FB491FB8FDF70098F8B6 /* AppDelegate.swift */ = {isa = PBXFileReference; lastKnownFileType = sourcecode.swift; path = AppDelegate.swift; sourceTree = "<group>"; };
		51D4FB4B1FB8FDF70098F8B6 /* HomeVC.swift */ = {isa = PBXFileReference; lastKnownFileType = sourcecode.swift; path = HomeVC.swift; sourceTree = "<group>"; };
		51D4FB4D1FB8FDF70098F8B6 /* PostVC.swift */ = {isa = PBXFileReference; lastKnownFileType = sourcecode.swift; path = PostVC.swift; sourceTree = "<group>"; };
		51D4FB501FB8FDF70098F8B6 /* Base */ = {isa = PBXFileReference; lastKnownFileType = file.storyboard; name = Base; path = Base.lproj/Main.storyboard; sourceTree = "<group>"; };
		51D4FB521FB8FDF70098F8B6 /* Assets.xcassets */ = {isa = PBXFileReference; lastKnownFileType = folder.assetcatalog; path = Assets.xcassets; sourceTree = "<group>"; };
		51D4FB551FB8FDF70098F8B6 /* Base */ = {isa = PBXFileReference; lastKnownFileType = file.storyboard; name = Base; path = Base.lproj/LaunchScreen.storyboard; sourceTree = "<group>"; };
		51D4FB571FB8FDF70098F8B6 /* Info.plist */ = {isa = PBXFileReference; lastKnownFileType = text.plist.xml; path = Info.plist; sourceTree = "<group>"; };
		51D4FB5D1FB8FE450098F8B6 /* GoogleService-Info.plist */ = {isa = PBXFileReference; fileEncoding = 4; lastKnownFileType = text.plist.xml; path = "GoogleService-Info.plist"; sourceTree = "<group>"; };
		51D4FB5F1FB903C00098F8B6 /* ChatVC.swift */ = {isa = PBXFileReference; lastKnownFileType = sourcecode.swift; path = ChatVC.swift; sourceTree = "<group>"; };
		51D4FB611FB903CE0098F8B6 /* ProfileVC.swift */ = {isa = PBXFileReference; lastKnownFileType = sourcecode.swift; path = ProfileVC.swift; sourceTree = "<group>"; };
		51D4FB631FB904020098F8B6 /* WelcomeVC.swift */ = {isa = PBXFileReference; lastKnownFileType = sourcecode.swift; path = WelcomeVC.swift; sourceTree = "<group>"; };
		51D4FB661FB915440098F8B6 /* LoopingVideoView.swift */ = {isa = PBXFileReference; fileEncoding = 4; lastKnownFileType = sourcecode.swift; path = LoopingVideoView.swift; sourceTree = "<group>"; };
		51D4FB6A1FB9222D0098F8B6 /* OnboardingCell.swift */ = {isa = PBXFileReference; lastKnownFileType = sourcecode.swift; path = OnboardingCell.swift; sourceTree = "<group>"; };
		51D4FB6C1FB92C010098F8B6 /* rainbow.mp4 */ = {isa = PBXFileReference; lastKnownFileType = file; path = rainbow.mp4; sourceTree = "<group>"; };
		51D4FB6F1FB95C960098F8B6 /* User.swift */ = {isa = PBXFileReference; lastKnownFileType = sourcecode.swift; path = User.swift; sourceTree = "<group>"; };
		51D4FB741FB95CF90098F8B6 /* Message.swift */ = {isa = PBXFileReference; lastKnownFileType = sourcecode.swift; path = Message.swift; sourceTree = "<group>"; };
		51D4FB761FB95D040098F8B6 /* Conversation.swift */ = {isa = PBXFileReference; lastKnownFileType = sourcecode.swift; path = Conversation.swift; sourceTree = "<group>"; };
		51D4FB781FB95DAE0098F8B6 /* ChatListVC.swift */ = {isa = PBXFileReference; lastKnownFileType = sourcecode.swift; path = ChatListVC.swift; sourceTree = "<group>"; };
		51D4FB7F1FB964300098F8B6 /* Helper Files.swift */ = {isa = PBXFileReference; fileEncoding = 4; lastKnownFileType = sourcecode.swift; path = "Helper Files.swift"; sourceTree = "<group>"; };
		51D4FB801FB964300098F8B6 /* BadgeSwift.swift */ = {isa = PBXFileReference; fileEncoding = 4; lastKnownFileType = sourcecode.swift; path = BadgeSwift.swift; sourceTree = "<group>"; };
		51D4FB811FB964300098F8B6 /* ContactsManager.swift */ = {isa = PBXFileReference; fileEncoding = 4; lastKnownFileType = sourcecode.swift; path = ContactsManager.swift; sourceTree = "<group>"; };
		51D4FB851FB964AA0098F8B6 /* newMessage.wav */ = {isa = PBXFileReference; lastKnownFileType = audio.wav; path = newMessage.wav; sourceTree = "<group>"; };
		51D4FB871FB9658C0098F8B6 /* VCCells.swift */ = {isa = PBXFileReference; lastKnownFileType = sourcecode.swift; path = VCCells.swift; sourceTree = "<group>"; };
		51D4FB891FB967AB0098F8B6 /* FBSDKCoreKit.framework */ = {isa = PBXFileReference; lastKnownFileType = wrapper.framework; name = FBSDKCoreKit.framework; path = "../FacebookSDKs-iOS-4.28.0/FBSDKCoreKit.framework"; sourceTree = "<group>"; };
		51D4FB8A1FB967AB0098F8B6 /* FBSDKLoginKit.framework */ = {isa = PBXFileReference; lastKnownFileType = wrapper.framework; name = FBSDKLoginKit.framework; path = "../FacebookSDKs-iOS-4.28.0/FBSDKLoginKit.framework"; sourceTree = "<group>"; };
		51D4FB8D1FB97FB90098F8B6 /* Post.swift */ = {isa = PBXFileReference; lastKnownFileType = sourcecode.swift; path = Post.swift; sourceTree = "<group>"; };
		51D4FB901FB980EF0098F8B6 /* DataService.swift */ = {isa = PBXFileReference; lastKnownFileType = sourcecode.swift; path = DataService.swift; sourceTree = "<group>"; };
		51D4FB921FB981790098F8B6 /* Constants.swift */ = {isa = PBXFileReference; lastKnownFileType = sourcecode.swift; path = Constants.swift; sourceTree = "<group>"; };
		A5BBEE16959411485EB4EE66 /* Pods_Metis.framework */ = {isa = PBXFileReference; explicitFileType = wrapper.framework; includeInIndex = 0; path = Pods_Metis.framework; sourceTree = BUILT_PRODUCTS_DIR; };
/* End PBXFileReference section */

/* Begin PBXFrameworksBuildPhase section */
		51D4FB431FB8FDF70098F8B6 /* Frameworks */ = {
			isa = PBXFrameworksBuildPhase;
			buildActionMask = 2147483647;
			files = (
				51D4FB8B1FB967AB0098F8B6 /* FBSDKCoreKit.framework in Frameworks */,
				51D4FB8C1FB967AB0098F8B6 /* FBSDKLoginKit.framework in Frameworks */,
				8913DC8BBDF202E9B92B6A7A /* Pods_Metis.framework in Frameworks */,
			);
			runOnlyForDeploymentPostprocessing = 0;
		};
/* End PBXFrameworksBuildPhase section */

/* Begin PBXGroup section */
		51D4FB3D1FB8FDF60098F8B6 = {
			isa = PBXGroup;
			children = (
				51D4FB481FB8FDF70098F8B6 /* Metis */,
				51D4FB471FB8FDF70098F8B6 /* Products */,
				F85D3E84DDCF9EB6D2D691BA /* Pods */,
				872DA18A04AE5A23D556657F /* Frameworks */,
			);
			sourceTree = "<group>";
		};
		51D4FB471FB8FDF70098F8B6 /* Products */ = {
			isa = PBXGroup;
			children = (
				51D4FB461FB8FDF70098F8B6 /* Metis.app */,
			);
			name = Products;
			sourceTree = "<group>";
		};
		51D4FB481FB8FDF70098F8B6 /* Metis */ = {
			isa = PBXGroup;
			children = (
				51D4FB8F1FB980D40098F8B6 /* Services */,
				51D4FB7E1FB964220098F8B6 /* HelperFiles */,
				51D4FB731FB95CE10098F8B6 /* View */,
				51D4FB721FB95CB10098F8B6 /* Utilities */,
				51D4FB711FB95C990098F8B6 /* Controller */,
				51D4FB6E1FB95C780098F8B6 /* Model */,
				51D4FB651FB915360098F8B6 /* LoopingVideo */,
			);
			path = Metis;
			sourceTree = "<group>";
		};
		51D4FB651FB915360098F8B6 /* LoopingVideo */ = {
			isa = PBXGroup;
			children = (
				51D4FB661FB915440098F8B6 /* LoopingVideoView.swift */,
			);
			path = LoopingVideo;
			sourceTree = "<group>";
		};
		51D4FB6E1FB95C780098F8B6 /* Model */ = {
			isa = PBXGroup;
			children = (
				51D4FB6F1FB95C960098F8B6 /* User.swift */,
				51D4FB741FB95CF90098F8B6 /* Message.swift */,
				51D4FB761FB95D040098F8B6 /* Conversation.swift */,
				51D4FB8D1FB97FB90098F8B6 /* Post.swift */,
			);
			path = Model;
			sourceTree = "<group>";
		};
		51D4FB711FB95C990098F8B6 /* Controller */ = {
			isa = PBXGroup;
			children = (
				51D4FB4F1FB8FDF70098F8B6 /* Main.storyboard */,
				51D4FB631FB904020098F8B6 /* WelcomeVC.swift */,
				51D4FB4B1FB8FDF70098F8B6 /* HomeVC.swift */,
				51D4FB4D1FB8FDF70098F8B6 /* PostVC.swift */,
				51D4FB781FB95DAE0098F8B6 /* ChatListVC.swift */,
				51D4FB5F1FB903C00098F8B6 /* ChatVC.swift */,
				51D4FB611FB903CE0098F8B6 /* ProfileVC.swift */,
			);
			path = Controller;
			sourceTree = "<group>";
		};
		51D4FB721FB95CB10098F8B6 /* Utilities */ = {
			isa = PBXGroup;
			children = (
				51D4FB541FB8FDF70098F8B6 /* LaunchScreen.storyboard */,
				51D4FB521FB8FDF70098F8B6 /* Assets.xcassets */,
				51D4FB571FB8FDF70098F8B6 /* Info.plist */,
				51D4FB5D1FB8FE450098F8B6 /* GoogleService-Info.plist */,
				51D4FB6C1FB92C010098F8B6 /* rainbow.mp4 */,
				51D4FB851FB964AA0098F8B6 /* newMessage.wav */,
				51D4FB491FB8FDF70098F8B6 /* AppDelegate.swift */,
			);
			path = Utilities;
			sourceTree = "<group>";
		};
		51D4FB731FB95CE10098F8B6 /* View */ = {
			isa = PBXGroup;
			children = (
				51D4FB6A1FB9222D0098F8B6 /* OnboardingCell.swift */,
				51D4FB871FB9658C0098F8B6 /* VCCells.swift */,
			);
			path = View;
			sourceTree = "<group>";
		};
		51D4FB7E1FB964220098F8B6 /* HelperFiles */ = {
			isa = PBXGroup;
			children = (
				51D4FB801FB964300098F8B6 /* BadgeSwift.swift */,
				51D4FB811FB964300098F8B6 /* ContactsManager.swift */,
				51D4FB7F1FB964300098F8B6 /* Helper Files.swift */,
				51D4FB921FB981790098F8B6 /* Constants.swift */,
			);
			path = HelperFiles;
			sourceTree = "<group>";
		};
		51D4FB8F1FB980D40098F8B6 /* Services */ = {
			isa = PBXGroup;
			children = (
				51D4FB901FB980EF0098F8B6 /* DataService.swift */,
			);
			path = Services;
			sourceTree = "<group>";
		};
		872DA18A04AE5A23D556657F /* Frameworks */ = {
			isa = PBXGroup;
			children = (
				51D4FB891FB967AB0098F8B6 /* FBSDKCoreKit.framework */,
				51D4FB8A1FB967AB0098F8B6 /* FBSDKLoginKit.framework */,
				A5BBEE16959411485EB4EE66 /* Pods_Metis.framework */,
			);
			name = Frameworks;
			sourceTree = "<group>";
		};
		F85D3E84DDCF9EB6D2D691BA /* Pods */ = {
			isa = PBXGroup;
			children = (
				1B0B665204CAE7D7F1A70FC1 /* Pods-Metis.debug.xcconfig */,
				44D8126C178911AAAFAE2E33 /* Pods-Metis.release.xcconfig */,
			);
			name = Pods;
			sourceTree = "<group>";
		};
/* End PBXGroup section */

/* Begin PBXNativeTarget section */
		51D4FB451FB8FDF70098F8B6 /* Metis */ = {
			isa = PBXNativeTarget;
			buildConfigurationList = 51D4FB5A1FB8FDF70098F8B6 /* Build configuration list for PBXNativeTarget "Metis" */;
			buildPhases = (
				5EBEA155A012E4C9D28634F1 /* [CP] Check Pods Manifest.lock */,
				51D4FB421FB8FDF70098F8B6 /* Sources */,
				51D4FB431FB8FDF70098F8B6 /* Frameworks */,
				51D4FB441FB8FDF70098F8B6 /* Resources */,
				478BC1AEB5D2CBCD22ED10E2 /* [CP] Embed Pods Frameworks */,
				3A1C02C10D23CD20580E6B05 /* [CP] Copy Pods Resources */,
			);
			buildRules = (
			);
			dependencies = (
			);
			name = Metis;
			productName = Metis;
			productReference = 51D4FB461FB8FDF70098F8B6 /* Metis.app */;
			productType = "com.apple.product-type.application";
		};
/* End PBXNativeTarget section */

/* Begin PBXProject section */
		51D4FB3E1FB8FDF60098F8B6 /* Project object */ = {
			isa = PBXProject;
			attributes = {
				LastSwiftUpdateCheck = 0910;
				LastUpgradeCheck = 0910;
				ORGANIZATIONNAME = "Gina Delarosa";
				TargetAttributes = {
					51D4FB451FB8FDF70098F8B6 = {
						CreatedOnToolsVersion = 9.1;
						ProvisioningStyle = Automatic;
					};
				};
			};
			buildConfigurationList = 51D4FB411FB8FDF70098F8B6 /* Build configuration list for PBXProject "Metis" */;
			compatibilityVersion = "Xcode 8.0";
			developmentRegion = en;
			hasScannedForEncodings = 0;
			knownRegions = (
				en,
				Base,
			);
			mainGroup = 51D4FB3D1FB8FDF60098F8B6;
			productRefGroup = 51D4FB471FB8FDF70098F8B6 /* Products */;
			projectDirPath = "";
			projectRoot = "";
			targets = (
				51D4FB451FB8FDF70098F8B6 /* Metis */,
			);
		};
/* End PBXProject section */

/* Begin PBXResourcesBuildPhase section */
		51D4FB441FB8FDF70098F8B6 /* Resources */ = {
			isa = PBXResourcesBuildPhase;
			buildActionMask = 2147483647;
			files = (
				51D4FB561FB8FDF70098F8B6 /* LaunchScreen.storyboard in Resources */,
				51D4FB861FB964AA0098F8B6 /* newMessage.wav in Resources */,
				51D4FB5E1FB8FE450098F8B6 /* GoogleService-Info.plist in Resources */,
				51D4FB531FB8FDF70098F8B6 /* Assets.xcassets in Resources */,
				51D4FB6D1FB92C940098F8B6 /* rainbow.mp4 in Resources */,
				51D4FB511FB8FDF70098F8B6 /* Main.storyboard in Resources */,
			);
			runOnlyForDeploymentPostprocessing = 0;
		};
/* End PBXResourcesBuildPhase section */

/* Begin PBXShellScriptBuildPhase section */
		3A1C02C10D23CD20580E6B05 /* [CP] Copy Pods Resources */ = {
			isa = PBXShellScriptBuildPhase;
			buildActionMask = 2147483647;
			files = (
			);
			inputPaths = (
			);
			name = "[CP] Copy Pods Resources";
			outputPaths = (
			);
			runOnlyForDeploymentPostprocessing = 0;
			shellPath = /bin/sh;
			shellScript = "\"${SRCROOT}/Pods/Target Support Files/Pods-Metis/Pods-Metis-resources.sh\"\n";
			showEnvVarsInLog = 0;
		};
		478BC1AEB5D2CBCD22ED10E2 /* [CP] Embed Pods Frameworks */ = {
			isa = PBXShellScriptBuildPhase;
			buildActionMask = 2147483647;
			files = (
			);
			inputPaths = (
				"${SRCROOT}/Pods/Target Support Files/Pods-Metis/Pods-Metis-frameworks.sh",
				"${BUILT_PRODUCTS_DIR}/Bolts/Bolts.framework",
				"${BUILT_PRODUCTS_DIR}/FBSDKCoreKit/FBSDKCoreKit.framework",
				"${BUILT_PRODUCTS_DIR}/FBSDKLoginKit/FBSDKLoginKit.framework",
				"${BUILT_PRODUCTS_DIR}/GTMSessionFetcher/GTMSessionFetcher.framework",
				"${BUILT_PRODUCTS_DIR}/GoogleToolboxForMac/GoogleToolboxForMac.framework",
				"${BUILT_PRODUCTS_DIR}/SwiftKeychainWrapper/SwiftKeychainWrapper.framework",
				"${BUILT_PRODUCTS_DIR}/leveldb-library/leveldb.framework",
				"${BUILT_PRODUCTS_DIR}/nanopb/nanopb.framework",
			);
			name = "[CP] Embed Pods Frameworks";
			outputPaths = (
				"${TARGET_BUILD_DIR}/${FRAMEWORKS_FOLDER_PATH}/Bolts.framework",
				"${TARGET_BUILD_DIR}/${FRAMEWORKS_FOLDER_PATH}/FBSDKCoreKit.framework",
				"${TARGET_BUILD_DIR}/${FRAMEWORKS_FOLDER_PATH}/FBSDKLoginKit.framework",
				"${TARGET_BUILD_DIR}/${FRAMEWORKS_FOLDER_PATH}/GTMSessionFetcher.framework",
				"${TARGET_BUILD_DIR}/${FRAMEWORKS_FOLDER_PATH}/GoogleToolboxForMac.framework",
				"${TARGET_BUILD_DIR}/${FRAMEWORKS_FOLDER_PATH}/SwiftKeychainWrapper.framework",
				"${TARGET_BUILD_DIR}/${FRAMEWORKS_FOLDER_PATH}/leveldb.framework",
				"${TARGET_BUILD_DIR}/${FRAMEWORKS_FOLDER_PATH}/nanopb.framework",
			);
			runOnlyForDeploymentPostprocessing = 0;
			shellPath = /bin/sh;
			shellScript = "\"${SRCROOT}/Pods/Target Support Files/Pods-Metis/Pods-Metis-frameworks.sh\"\n";
			showEnvVarsInLog = 0;
		};
		5EBEA155A012E4C9D28634F1 /* [CP] Check Pods Manifest.lock */ = {
			isa = PBXShellScriptBuildPhase;
			buildActionMask = 2147483647;
			files = (
			);
			inputPaths = (
				"${PODS_PODFILE_DIR_PATH}/Podfile.lock",
				"${PODS_ROOT}/Manifest.lock",
			);
			name = "[CP] Check Pods Manifest.lock";
			outputPaths = (
				"$(DERIVED_FILE_DIR)/Pods-Metis-checkManifestLockResult.txt",
			);
			runOnlyForDeploymentPostprocessing = 0;
			shellPath = /bin/sh;
			shellScript = "diff \"${PODS_PODFILE_DIR_PATH}/Podfile.lock\" \"${PODS_ROOT}/Manifest.lock\" > /dev/null\nif [ $? != 0 ] ; then\n    # print error to STDERR\n    echo \"error: The sandbox is not in sync with the Podfile.lock. Run 'pod install' or update your CocoaPods installation.\" >&2\n    exit 1\nfi\n# This output is used by Xcode 'outputs' to avoid re-running this script phase.\necho \"SUCCESS\" > \"${SCRIPT_OUTPUT_FILE_0}\"\n";
			showEnvVarsInLog = 0;
		};
/* End PBXShellScriptBuildPhase section */

/* Begin PBXSourcesBuildPhase section */
		51D4FB421FB8FDF70098F8B6 /* Sources */ = {
			isa = PBXSourcesBuildPhase;
			buildActionMask = 2147483647;
			files = (
				51D4FB621FB903CE0098F8B6 /* ProfileVC.swift in Sources */,
				51D4FB931FB981790098F8B6 /* Constants.swift in Sources */,
				51D4FB841FB964300098F8B6 /* ContactsManager.swift in Sources */,
				51D4FB791FB95DAE0098F8B6 /* ChatListVC.swift in Sources */,
				51D4FB601FB903C00098F8B6 /* ChatVC.swift in Sources */,
				51D4FB8E1FB97FB90098F8B6 /* Post.swift in Sources */,
				51D4FB6B1FB9222D0098F8B6 /* OnboardingCell.swift in Sources */,
				51D4FB4E1FB8FDF70098F8B6 /* PostVC.swift in Sources */,
				51D4FB641FB904020098F8B6 /* WelcomeVC.swift in Sources */,
				51D4FB771FB95D040098F8B6 /* Conversation.swift in Sources */,
				51D4FB911FB980EF0098F8B6 /* DataService.swift in Sources */,
				51D4FB701FB95C960098F8B6 /* User.swift in Sources */,
				51D4FB4A1FB8FDF70098F8B6 /* AppDelegate.swift in Sources */,
				51D4FB751FB95CF90098F8B6 /* Message.swift in Sources */,
				51D4FB671FB915440098F8B6 /* LoopingVideoView.swift in Sources */,
				51D4FB881FB9658C0098F8B6 /* VCCells.swift in Sources */,
				51D4FB4C1FB8FDF70098F8B6 /* HomeVC.swift in Sources */,
				51D4FB821FB964300098F8B6 /* Helper Files.swift in Sources */,
				51D4FB831FB964300098F8B6 /* BadgeSwift.swift in Sources */,
			);
			runOnlyForDeploymentPostprocessing = 0;
		};
/* End PBXSourcesBuildPhase section */

/* Begin PBXVariantGroup section */
		51D4FB4F1FB8FDF70098F8B6 /* Main.storyboard */ = {
			isa = PBXVariantGroup;
			children = (
				51D4FB501FB8FDF70098F8B6 /* Base */,
			);
			name = Main.storyboard;
			sourceTree = "<group>";
		};
		51D4FB541FB8FDF70098F8B6 /* LaunchScreen.storyboard */ = {
			isa = PBXVariantGroup;
			children = (
				51D4FB551FB8FDF70098F8B6 /* Base */,
			);
			name = LaunchScreen.storyboard;
			sourceTree = "<group>";
		};
/* End PBXVariantGroup section */

/* Begin XCBuildConfiguration section */
		51D4FB581FB8FDF70098F8B6 /* Debug */ = {
			isa = XCBuildConfiguration;
			buildSettings = {
				ALWAYS_SEARCH_USER_PATHS = NO;
				CLANG_ANALYZER_NONNULL = YES;
				CLANG_ANALYZER_NUMBER_OBJECT_CONVERSION = YES_AGGRESSIVE;
				CLANG_CXX_LANGUAGE_STANDARD = "gnu++14";
				CLANG_CXX_LIBRARY = "libc++";
				CLANG_ENABLE_MODULES = YES;
				CLANG_ENABLE_OBJC_ARC = YES;
				CLANG_WARN_BLOCK_CAPTURE_AUTORELEASING = YES;
				CLANG_WARN_BOOL_CONVERSION = YES;
				CLANG_WARN_COMMA = YES;
				CLANG_WARN_CONSTANT_CONVERSION = YES;
				CLANG_WARN_DIRECT_OBJC_ISA_USAGE = YES_ERROR;
				CLANG_WARN_DOCUMENTATION_COMMENTS = YES;
				CLANG_WARN_EMPTY_BODY = YES;
				CLANG_WARN_ENUM_CONVERSION = YES;
				CLANG_WARN_INFINITE_RECURSION = YES;
				CLANG_WARN_INT_CONVERSION = YES;
				CLANG_WARN_NON_LITERAL_NULL_CONVERSION = YES;
				CLANG_WARN_OBJC_LITERAL_CONVERSION = YES;
				CLANG_WARN_OBJC_ROOT_CLASS = YES_ERROR;
				CLANG_WARN_RANGE_LOOP_ANALYSIS = YES;
				CLANG_WARN_STRICT_PROTOTYPES = YES;
				CLANG_WARN_SUSPICIOUS_MOVE = YES;
				CLANG_WARN_UNGUARDED_AVAILABILITY = YES_AGGRESSIVE;
				CLANG_WARN_UNREACHABLE_CODE = YES;
				CLANG_WARN__DUPLICATE_METHOD_MATCH = YES;
				CODE_SIGN_IDENTITY = "iPhone Developer";
				COPY_PHASE_STRIP = NO;
				DEBUG_INFORMATION_FORMAT = dwarf;
				ENABLE_STRICT_OBJC_MSGSEND = YES;
				ENABLE_TESTABILITY = YES;
				GCC_C_LANGUAGE_STANDARD = gnu11;
				GCC_DYNAMIC_NO_PIC = NO;
				GCC_NO_COMMON_BLOCKS = YES;
				GCC_OPTIMIZATION_LEVEL = 0;
				GCC_PREPROCESSOR_DEFINITIONS = (
					"DEBUG=1",
					"$(inherited)",
				);
				GCC_WARN_64_TO_32_BIT_CONVERSION = YES;
				GCC_WARN_ABOUT_RETURN_TYPE = YES_ERROR;
				GCC_WARN_UNDECLARED_SELECTOR = YES;
				GCC_WARN_UNINITIALIZED_AUTOS = YES_AGGRESSIVE;
				GCC_WARN_UNUSED_FUNCTION = YES;
				GCC_WARN_UNUSED_VARIABLE = YES;
				IPHONEOS_DEPLOYMENT_TARGET = 11.1;
				MTL_ENABLE_DEBUG_INFO = YES;
				ONLY_ACTIVE_ARCH = YES;
				SDKROOT = iphoneos;
				SWIFT_ACTIVE_COMPILATION_CONDITIONS = DEBUG;
				SWIFT_OPTIMIZATION_LEVEL = "-Onone";
			};
			name = Debug;
		};
		51D4FB591FB8FDF70098F8B6 /* Release */ = {
			isa = XCBuildConfiguration;
			buildSettings = {
				ALWAYS_SEARCH_USER_PATHS = NO;
				CLANG_ANALYZER_NONNULL = YES;
				CLANG_ANALYZER_NUMBER_OBJECT_CONVERSION = YES_AGGRESSIVE;
				CLANG_CXX_LANGUAGE_STANDARD = "gnu++14";
				CLANG_CXX_LIBRARY = "libc++";
				CLANG_ENABLE_MODULES = YES;
				CLANG_ENABLE_OBJC_ARC = YES;
				CLANG_WARN_BLOCK_CAPTURE_AUTORELEASING = YES;
				CLANG_WARN_BOOL_CONVERSION = YES;
				CLANG_WARN_COMMA = YES;
				CLANG_WARN_CONSTANT_CONVERSION = YES;
				CLANG_WARN_DIRECT_OBJC_ISA_USAGE = YES_ERROR;
				CLANG_WARN_DOCUMENTATION_COMMENTS = YES;
				CLANG_WARN_EMPTY_BODY = YES;
				CLANG_WARN_ENUM_CONVERSION = YES;
				CLANG_WARN_INFINITE_RECURSION = YES;
				CLANG_WARN_INT_CONVERSION = YES;
				CLANG_WARN_NON_LITERAL_NULL_CONVERSION = YES;
				CLANG_WARN_OBJC_LITERAL_CONVERSION = YES;
				CLANG_WARN_OBJC_ROOT_CLASS = YES_ERROR;
				CLANG_WARN_RANGE_LOOP_ANALYSIS = YES;
				CLANG_WARN_STRICT_PROTOTYPES = YES;
				CLANG_WARN_SUSPICIOUS_MOVE = YES;
				CLANG_WARN_UNGUARDED_AVAILABILITY = YES_AGGRESSIVE;
				CLANG_WARN_UNREACHABLE_CODE = YES;
				CLANG_WARN__DUPLICATE_METHOD_MATCH = YES;
				CODE_SIGN_IDENTITY = "iPhone Developer";
				COPY_PHASE_STRIP = NO;
				DEBUG_INFORMATION_FORMAT = "dwarf-with-dsym";
				ENABLE_NS_ASSERTIONS = NO;
				ENABLE_STRICT_OBJC_MSGSEND = YES;
				GCC_C_LANGUAGE_STANDARD = gnu11;
				GCC_NO_COMMON_BLOCKS = YES;
				GCC_WARN_64_TO_32_BIT_CONVERSION = YES;
				GCC_WARN_ABOUT_RETURN_TYPE = YES_ERROR;
				GCC_WARN_UNDECLARED_SELECTOR = YES;
				GCC_WARN_UNINITIALIZED_AUTOS = YES_AGGRESSIVE;
				GCC_WARN_UNUSED_FUNCTION = YES;
				GCC_WARN_UNUSED_VARIABLE = YES;
				IPHONEOS_DEPLOYMENT_TARGET = 11.1;
				MTL_ENABLE_DEBUG_INFO = NO;
				SDKROOT = iphoneos;
				SWIFT_OPTIMIZATION_LEVEL = "-Owholemodule";
				VALIDATE_PRODUCT = YES;
			};
			name = Release;
		};
		51D4FB5B1FB8FDF70098F8B6 /* Debug */ = {
			isa = XCBuildConfiguration;
			baseConfigurationReference = 1B0B665204CAE7D7F1A70FC1 /* Pods-Metis.debug.xcconfig */;
			buildSettings = {
				ASSETCATALOG_COMPILER_APPICON_NAME = AppIcon;
				CODE_SIGN_STYLE = Automatic;
				DEVELOPMENT_TEAM = A6GUQ7XNWR;
				INFOPLIST_FILE = "$(SRCROOT)/Metis/Utilities/Info.plist";
				LD_RUNPATH_SEARCH_PATHS = "$(inherited) @executable_path/Frameworks";
				PRODUCT_BUNDLE_IDENTIFIER = com.ginacdlr.Metis;
				PRODUCT_NAME = "$(TARGET_NAME)";
				SWIFT_VERSION = 3.0;
				TARGETED_DEVICE_FAMILY = 1;
			};
			name = Debug;
		};
		51D4FB5C1FB8FDF70098F8B6 /* Release */ = {
			isa = XCBuildConfiguration;
			baseConfigurationReference = 44D8126C178911AAAFAE2E33 /* Pods-Metis.release.xcconfig */;
			buildSettings = {
				ASSETCATALOG_COMPILER_APPICON_NAME = AppIcon;
				CODE_SIGN_STYLE = Automatic;
				DEVELOPMENT_TEAM = A6GUQ7XNWR;
				INFOPLIST_FILE = "$(SRCROOT)/Metis/Utilities/Info.plist";
				LD_RUNPATH_SEARCH_PATHS = "$(inherited) @executable_path/Frameworks";
				PRODUCT_BUNDLE_IDENTIFIER = com.ginacdlr.Metis;
				PRODUCT_NAME = "$(TARGET_NAME)";
				SWIFT_VERSION = 3.0;
				TARGETED_DEVICE_FAMILY = 1;
			};
			name = Release;
		};
/* End XCBuildConfiguration section */

/* Begin XCConfigurationList section */
		51D4FB411FB8FDF70098F8B6 /* Build configuration list for PBXProject "Metis" */ = {
			isa = XCConfigurationList;
			buildConfigurations = (
				51D4FB581FB8FDF70098F8B6 /* Debug */,
				51D4FB591FB8FDF70098F8B6 /* Release */,
			);
			defaultConfigurationIsVisible = 0;
			defaultConfigurationName = Release;
		};
		51D4FB5A1FB8FDF70098F8B6 /* Build configuration list for PBXNativeTarget "Metis" */ = {
			isa = XCConfigurationList;
			buildConfigurations = (
				51D4FB5B1FB8FDF70098F8B6 /* Debug */,
				51D4FB5C1FB8FDF70098F8B6 /* Release */,
			);
			defaultConfigurationIsVisible = 0;
			defaultConfigurationName = Release;
		};
/* End XCConfigurationList section */
	};
	rootObject = 51D4FB3E1FB8FDF60098F8B6 /* Project object */;
}
